<?xml version="1.0" encoding="UTF-8" standalone="yes" ?>
<CodeBlocks_project_file>
	<FileVersion major="1" minor="6" />
	<Project>
		<Option title="test_lzma_dec" />
		<Option pch_mode="2" />
		<Option compiler="gcc" />
		<Build>
			<Target title="Debug">
				<Option output="bin/Debug/test_lzma_dec" prefix_auto="1" extension_auto="1" />
				<Option object_output="obj/Debug/" />
				<Option type="1" />
				<Option compiler="gcc" />
				<Option parameters="boot0.bin.lzma out.bin" />
				<Compiler>
					<Add option="-g" />
					<Add option="-D_LZMA_SIZE_OPT" />
					<Add directory="../test_lossless_compression" />
					<Add directory="lzma_dec" />
				</Compiler>
				<Linker>
					<Add option="-Wl,-Map=${TARGET_OUTPUT_FILE}.map" />
				</Linker>
				<ExtraCommands>
					<Add after="size ${TARGET_OUTPUT_FILE}" />
				</ExtraCommands>
			</Target>
			<Target title="Release">
				<Option output="bin/Release/test_lzma_dec" prefix_auto="1" extension_auto="1" />
				<Option object_output="obj/Release/" />
				<Option type="1" />
				<Option compiler="gcc" />
				<Compiler>
					<Add option="-O2" />
				</Compiler>
				<Linker>
					<Add option="-s" />
				</Linker>
			</Target>
		</Build>
		<Compiler>
			<Add option="-Wall" />
		</Compiler>
		<Unit filename="lzma_dec/7zTypes.h" />
		<Unit filename="lzma_dec/LZMA_decoder.h" />
		<Unit filename="lzma_dec/lzma_decoder.c">
			<Option compilerVar="CC" />
		</Unit>
		<Unit filename="main.c">
			<Option compilerVar="CC" />
		</Unit>
		<Extensions>
			<code_completion />
			<envvars />
			<debugger />
			<lib_finder disable_auto="1" />
		</Extensions>
	</Project>
</CodeBlocks_project_file>
